
Microsoft Visual Studio Solution File, Format Version 12.00
# Visual Studio Version 17
VisualStudioVersion = 17.9.34622.214
MinimumVisualStudioVersion = 10.0.40219.1
Project("{9A19103F-16F7-4668-BE54-9A1E7A4F7556}") = "PawtatoSplash", "PawtatoSplash\PawtatoSplash.csproj", "{12C44263-45ED-420E-BD4F-69CD62DE6B5B}"
EndProject
Global
	GlobalSection(SolutionConfigurationPlatforms) = preSolution
		Debug|Any CPU = Debug|Any CPU
		Release|Any CPU = Release|Any CPU
	EndGlobalSection
	GlobalSection(ProjectConfigurationPlatforms) = postSolution
		{12C44263-45ED-420E-BD4F-69CD62DE6B5B}.Debug|Any CPU.ActiveCfg = Debug|Any CPU
		{12C44263-45ED-420E-BD4F-69CD62DE6B5B}.Debug|Any CPU.Build.0 = Debug|Any CPU
		{12C44263-45ED-420E-BD4F-69CD62DE6B5B}.Release|Any CPU.ActiveCfg = Release|Any CPU
		{12C44263-45ED-420E-BD4F-69CD62DE6B5B}.Release|Any CPU.Build.0 = Release|Any CPU
	EndGlobalSection
	GlobalSection(SolutionProperties) = preSolution
		HideSolutionNode = FALSE
	EndGlobalSection
	GlobalSection(ExtensibilityGlobals) = postSolution
		SolutionGuid = {7924B790-108A-4C49-8423-2E6A1DD085AF}
	EndGlobalSection
EndGlobal
